{
  "requires": true,
  "lockfileVersion": 1,
  "dependencies": {
    "decimal-fraction-converter": {
      "version": "0.0.1",
      "resolved": "https://registry.npmjs.org/decimal-fraction-converter/-/decimal-fraction-converter-0.0.1.tgz",
      "integrity": "sha1-4kR3ENOjOmQa7VqOXnVRR+Dmvrk=",
      "requires": {
        "frac-por-extenso": "0.0.1"
      }
    },
    "extenso": {
      "version": "0.2.1",
      "resolved": "https://registry.npmjs.org/extenso/-/extenso-0.2.1.tgz",
      "integrity": "sha1-sUJW//r098wGyTK5ZYxkQhGofxQ="
    },
    "frac-por-extenso": {
      "version": "0.0.1",
      "resolved": "https://registry.npmjs.org/frac-por-extenso/-/frac-por-extenso-0.0.1.tgz",
      "integrity": "sha1-tWq0opgc2vlOF16mJ+rl+P9/blI=",
      "requires": {
        "extenso": "^0.2.1"
      }
    }
  }
}
